version = 1
revision = 3
requires-python = ">=3.15"

[[package]]
name = "minimal"
version = "0.1.0"
source = { virtual = "." }
dependencies = [
    { name = "more-itertools" },
    { name = "py-machineid" },
]

[package.metadata]
requires-dist = [
    { name = "more-itertools", specifier = ">=10.8.0" },
    { name = "py-machineid", specifier = ">=1.0.0" },
]

[[package]]
name = "more-itertools"
version = "10.8.0"
source = { registry = "https://pypi.org/simple" }
sdist = { url = "https://files.pythonhosted.org/packages/ea/5d/38b681d3fce7a266dd9ab73c66959406d565b3e85f21d5e66e1181d93721/more_itertools-10.8.0.tar.gz", hash = "sha256:f638ddf8a1a0d134181275fb5d58b086ead7c6a72429ad725c67503f13ba30bd", size = 137431, upload-time = "2025-09-02T15:23:11.018Z" }
wheels = [
    { url = "https://files.pythonhosted.org/packages/a4/8e/469e5a4a2f5855992e425f3cb33804cc07bf18d48f2db061aec61ce50270/more_itertools-10.8.0-py3-none-any.whl", hash = "sha256:52d4362373dcf7c52546bc4af9a86ee7c4579df9a8dc268be0a2f949d376cc9b", size = 69667, upload-time = "2025-09-02T15:23:09.635Z" },
]

[[package]]
name = "py-machineid"
version = "1.0.0"
source = { registry = "https://pypi.org/simple" }
dependencies = [
    { name = "winregistry", marker = "sys_platform == 'win32'" },
]
sdist = { url = "https://files.pythonhosted.org/packages/f4/b0/c7fa6de7298a8f4e544929b97fa028304c0e11a4bc9500eff8689821bdbb/py_machineid-1.0.0.tar.gz", hash = "sha256:8a902a00fae8c6d6433f463697c21dc4ce98c6e55a2e0535c0273319acb0047a", size = 4629, upload-time = "2025-12-02T16:12:54.286Z" }
wheels = [
    { url = "https://files.pythonhosted.org/packages/be/76/1ed8375cb1212824c57eb706e1f09f3f2ca4ed12b8d56b28a160e2d53505/py_machineid-1.0.0-py3-none-any.whl", hash = "sha256:910df0d5f2663bcf6739d835c4949f4e9cc6bb090a58b3dd766e12e5f768e3b9", size = 4926, upload-time = "2025-12-02T16:12:20.584Z" },
]

[[package]]
name = "winregistry"
version = "2.1.4"
source = { registry = "https://pypi.org/simple" }
sdist = { url = "https://files.pythonhosted.org/packages/46/ab/6c646e9b2b6bd30c10fa69bf6733cc6eb519611552f0915c18e1522ac743/winregistry-2.1.4.tar.gz", hash = "sha256:c557e6ec26a2827625451bbcee394b2d4c1fbccb6d7dca066335f397c0be1f89", size = 9877, upload-time = "2026-02-15T09:54:06.131Z" }
wheels = [
    { url = "https://files.pythonhosted.org/packages/e8/73/de41b09e8988451f7911ee31c39ba0fc6430ba60667110006b324e96a50b/winregistry-2.1.4-py3-none-any.whl", hash = "sha256:8a2ead541bf9737d2cf4aa7c36363054a792a9f5c8fdaf0f7e3739ff9ddb092f", size = 8906, upload-time = "2026-02-15T09:54:05.355Z" },
]
